
Microsoft Visual Studio Solution File, Format Version 12.00
# Visual Studio Version 17
VisualStudioVersion = 17.0.31903.59
MinimumVisualStudioVersion = 10.0.40219.1
Project("{FAE04EC0-301F-11D3-BF4B-00C04F79EFBC}") = "Invoice.API.Host", "Invoice.API.Host\Invoice.API.Host.csproj", "{4C04593B-BEF7-4BDA-96E1-53735F005FE1}"
EndProject
Project("{FAE04EC0-301F-11D3-BF4B-00C04F79EFBC}") = "Invoice.API", "Invoice.API\Invoice.API.csproj", "{52C609FF-D47C-4699-8FC6-1D05B2A3C0A6}"
EndProject
Project("{FAE04EC0-301F-11D3-BF4B-00C04F79EFBC}") = "Invoice.API.Contract", "Invoice.API.Contract\Invoice.API.Contract.csproj", "{BD953F0B-05A2-45AB-B812-D00D6AAFA1BE}"
EndProject
Project("{FAE04EC0-301F-11D3-BF4B-00C04F79EFBC}") = "Invoice.Common", "Invoice.Common\Invoice.Common.csproj", "{849BA0DA-F0B1-4591-AEEC-FD1167397A49}"
EndProject
Global
	GlobalSection(SolutionConfigurationPlatforms) = preSolution
		Debug|Any CPU = Debug|Any CPU
		Release|Any CPU = Release|Any CPU
	EndGlobalSection
	GlobalSection(SolutionProperties) = preSolution
		HideSolutionNode = FALSE
	EndGlobalSection
	GlobalSection(ProjectConfigurationPlatforms) = postSolution
		{4C04593B-BEF7-4BDA-96E1-53735F005FE1}.Debug|Any CPU.ActiveCfg = Debug|Any CPU
		{4C04593B-BEF7-4BDA-96E1-53735F005FE1}.Debug|Any CPU.Build.0 = Debug|Any CPU
		{4C04593B-BEF7-4BDA-96E1-53735F005FE1}.Release|Any CPU.ActiveCfg = Release|Any CPU
		{4C04593B-BEF7-4BDA-96E1-53735F005FE1}.Release|Any CPU.Build.0 = Release|Any CPU
		{52C609FF-D47C-4699-8FC6-1D05B2A3C0A6}.Debug|Any CPU.ActiveCfg = Debug|Any CPU
		{52C609FF-D47C-4699-8FC6-1D05B2A3C0A6}.Debug|Any CPU.Build.0 = Debug|Any CPU
		{52C609FF-D47C-4699-8FC6-1D05B2A3C0A6}.Release|Any CPU.ActiveCfg = Release|Any CPU
		{52C609FF-D47C-4699-8FC6-1D05B2A3C0A6}.Release|Any CPU.Build.0 = Release|Any CPU
		{BD953F0B-05A2-45AB-B812-D00D6AAFA1BE}.Debug|Any CPU.ActiveCfg = Debug|Any CPU
		{BD953F0B-05A2-45AB-B812-D00D6AAFA1BE}.Debug|Any CPU.Build.0 = Debug|Any CPU
		{BD953F0B-05A2-45AB-B812-D00D6AAFA1BE}.Release|Any CPU.ActiveCfg = Release|Any CPU
		{BD953F0B-05A2-45AB-B812-D00D6AAFA1BE}.Release|Any CPU.Build.0 = Release|Any CPU
		{849BA0DA-F0B1-4591-AEEC-FD1167397A49}.Debug|Any CPU.ActiveCfg = Debug|Any CPU
		{849BA0DA-F0B1-4591-AEEC-FD1167397A49}.Debug|Any CPU.Build.0 = Debug|Any CPU
		{849BA0DA-F0B1-4591-AEEC-FD1167397A49}.Release|Any CPU.ActiveCfg = Release|Any CPU
		{849BA0DA-F0B1-4591-AEEC-FD1167397A49}.Release|Any CPU.Build.0 = Release|Any CPU
	EndGlobalSection
EndGlobal
